// !$*UTF8*$!
{
	archiveVersion = 1;
	classes = {
	};
	objectVersion = 50;
	objects = {

/* Begin PBXBuildFile section */
		7A6AB48125161E18000C4EFA /* AppDelegate.swift in Sources */ = {isa = PBXBuildFile; fileRef = 7A6AB48025161E18000C4EFA /* AppDelegate.swift */; };
		7A6AB48725161E18000C4EFA /* GameScene.swift in Sources */ = {isa = PBXBuildFile; fileRef = 7A6AB48625161E18000C4EFA /* GameScene.swift */; };
		7A6AB48925161E18000C4EFA /* GameViewController.swift in Sources */ = {isa = PBXBuildFile; fileRef = 7A6AB48825161E18000C4EFA /* GameViewController.swift */; };
		7A6AB48C25161E18000C4EFA /* Main.storyboard in Resources */ = {isa = PBXBuildFile; fileRef = 7A6AB48A25161E18000C4EFA /* Main.storyboard */; };
		7A6AB48E25161E1D000C4EFA /* Assets.xcassets in Resources */ = {isa = PBXBuildFile; fileRef = 7A6AB48D25161E1D000C4EFA /* Assets.xcassets */; };
		7A6AB49A25163B0F000C4EFA /* game_loop.mp3 in Resources */ = {isa = PBXBuildFile; fileRef = 7A6AB49925163B0F000C4EFA /* game_loop.mp3 */; };
		7A6AB49D25163B2E000C4EFA /* bonus.wav in Resources */ = {isa = PBXBuildFile; fileRef = 7A6AB49C25163B2E000C4EFA /* bonus.wav */; };
/* End PBXBuildFile section */

/* Begin PBXFileReference section */
		7A6AB47D25161E18000C4EFA /* Skatter.app */ = {isa = PBXFileReference; explicitFileType = wrapper.application; includeInIndex = 0; path = Skatter.app; sourceTree = BUILT_PRODUCTS_DIR; };
		7A6AB48025161E18000C4EFA /* AppDelegate.swift */ = {isa = PBXFileReference; lastKnownFileType = sourcecode.swift; path = AppDelegate.swift; sourceTree = "<group>"; };
		7A6AB48625161E18000C4EFA /* GameScene.swift */ = {isa = PBXFileReference; lastKnownFileType = sourcecode.swift; path = GameScene.swift; sourceTree = "<group>"; };
		7A6AB48825161E18000C4EFA /* GameViewController.swift */ = {isa = PBXFileReference; lastKnownFileType = sourcecode.swift; path = GameViewController.swift; sourceTree = "<group>"; };
		7A6AB48B25161E18000C4EFA /* Base */ = {isa = PBXFileReference; lastKnownFileType = file.storyboard; name = Base; path = Base.lproj/Main.storyboard; sourceTree = "<group>"; };
		7A6AB48D25161E1D000C4EFA /* Assets.xcassets */ = {isa = PBXFileReference; lastKnownFileType = folder.assetcatalog; path = Assets.xcassets; sourceTree = "<group>"; };
		7A6AB48F25161E1D000C4EFA /* Info.plist */ = {isa = PBXFileReference; lastKnownFileType = text.plist.xml; path = Info.plist; sourceTree = "<group>"; };
		7A6AB49925163B0F000C4EFA /* game_loop.mp3 */ = {isa = PBXFileReference; lastKnownFileType = audio.mp3; path = game_loop.mp3; sourceTree = "<group>"; };
		7A6AB49C25163B2E000C4EFA /* bonus.wav */ = {isa = PBXFileReference; lastKnownFileType = audio.wav; path = bonus.wav; sourceTree = "<group>"; };
/* End PBXFileReference section */

/* Begin PBXFrameworksBuildPhase section */
		7A6AB47A25161E18000C4EFA /* Frameworks */ = {
			isa = PBXFrameworksBuildPhase;
			buildActionMask = 2147483647;
			files = (
			);
			runOnlyForDeploymentPostprocessing = 0;
		};
/* End PBXFrameworksBuildPhase section */

/* Begin PBXGroup section */
		7A6AB47425161E18000C4EFA = {
			isa = PBXGroup;
			children = (
				7A6AB47F25161E18000C4EFA /* Skatter */,
				7A6AB47E25161E18000C4EFA /* Products */,
			);
			sourceTree = "<group>";
		};
		7A6AB47E25161E18000C4EFA /* Products */ = {
			isa = PBXGroup;
			children = (
				7A6AB47D25161E18000C4EFA /* Skatter.app */,
			);
			name = Products;
			sourceTree = "<group>";
		};
		7A6AB47F25161E18000C4EFA /* Skatter */ = {
			isa = PBXGroup;
			children = (
				7A6AB48025161E18000C4EFA /* AppDelegate.swift */,
				7A6AB48625161E18000C4EFA /* GameScene.swift */,
				7A6AB48825161E18000C4EFA /* GameViewController.swift */,
				7A6AB48A25161E18000C4EFA /* Main.storyboard */,
				7A6AB48D25161E1D000C4EFA /* Assets.xcassets */,
				7A6AB48F25161E1D000C4EFA /* Info.plist */,
				7A6AB49C25163B2E000C4EFA /* bonus.wav */,
				7A6AB49925163B0F000C4EFA /* game_loop.mp3 */,
			);
			path = Skatter;
			sourceTree = "<group>";
		};
/* End PBXGroup section */

/* Begin PBXNativeTarget section */
		7A6AB47C25161E18000C4EFA /* Skatter */ = {
			isa = PBXNativeTarget;
			buildConfigurationList = 7A6AB49225161E1D000C4EFA /* Build configuration list for PBXNativeTarget "Skatter" */;
			buildPhases = (
				7A6AB47925161E18000C4EFA /* Sources */,
				7A6AB47A25161E18000C4EFA /* Frameworks */,
				7A6AB47B25161E18000C4EFA /* Resources */,
			);
			buildRules = (
			);
			dependencies = (
			);
			name = Skatter;
			productName = Skatter;
			productReference = 7A6AB47D25161E18000C4EFA /* Skatter.app */;
			productType = "com.apple.product-type.application";
		};
/* End PBXNativeTarget section */

/* Begin PBXProject section */
		7A6AB47525161E18000C4EFA /* Project object */ = {
			isa = PBXProject;
			attributes = {
				LastSwiftUpdateCheck = 1200;
				LastUpgradeCheck = 1200;
				TargetAttributes = {
					7A6AB47C25161E18000C4EFA = {
						CreatedOnToolsVersion = 12.0;
					};
				};
			};
			buildConfigurationList = 7A6AB47825161E18000C4EFA /* Build configuration list for PBXProject "Skatter" */;
			compatibilityVersion = "Xcode 9.3";
			developmentRegion = en;
			hasScannedForEncodings = 0;
			knownRegions = (
				en,
				Base,
			);
			mainGroup = 7A6AB47425161E18000C4EFA;
			productRefGroup = 7A6AB47E25161E18000C4EFA /* Products */;
			projectDirPath = "";
			projectRoot = "";
			targets = (
				7A6AB47C25161E18000C4EFA /* Skatter */,
			);
		};
/* End PBXProject section */

/* Begin PBXResourcesBuildPhase section */
		7A6AB47B25161E18000C4EFA /* Resources */ = {
			isa = PBXResourcesBuildPhase;
			buildActionMask = 2147483647;
			files = (
				7A6AB49D25163B2E000C4EFA /* bonus.wav in Resources */,
				7A6AB49A25163B0F000C4EFA /* game_loop.mp3 in Resources */,
				7A6AB48C25161E18000C4EFA /* Main.storyboard in Resources */,
				7A6AB48E25161E1D000C4EFA /* Assets.xcassets in Resources */,
			);
			runOnlyForDeploymentPostprocessing = 0;
		};
/* End PBXResourcesBuildPhase section */

/* Begin PBXSourcesBuildPhase section */
		7A6AB47925161E18000C4EFA /* Sources */ = {
			isa = PBXSourcesBuildPhase;
			buildActionMask = 2147483647;
			files = (
				7A6AB48725161E18000C4EFA /* GameScene.swift in Sources */,
				7A6AB48925161E18000C4EFA /* GameViewController.swift in Sources */,
				7A6AB48125161E18000C4EFA /* AppDelegate.swift in Sources */,
			);
			runOnlyForDeploymentPostprocessing = 0;
		};
/* End PBXSourcesBuildPhase section */

/* Begin PBXVariantGroup section */
		7A6AB48A25161E18000C4EFA /* Main.storyboard */ = {
			isa = PBXVariantGroup;
			children = (
				7A6AB48B25161E18000C4EFA /* Base */,
			);
			name = Main.storyboard;
			sourceTree = "<group>";
		};
/* End PBXVariantGroup section */

/* Begin XCBuildConfiguration section */
		7A6AB49025161E1D000C4EFA /* Debug */ = {
			isa = XCBuildConfiguration;
			buildSettings = {
				ALWAYS_SEARCH_USER_PATHS = NO;
				CLANG_ANALYZER_NONNULL = YES;
				CLANG_ANALYZER_NUMBER_OBJECT_CONVERSION = YES_AGGRESSIVE;
				CLANG_CXX_LANGUAGE_STANDARD = "gnu++14";
				CLANG_CXX_LIBRARY = "libc++";
				CLANG_ENABLE_MODULES = YES;
				CLANG_ENABLE_OBJC_ARC = YES;
				CLANG_ENABLE_OBJC_WEAK = YES;
				CLANG_WARN_BLOCK_CAPTURE_AUTORELEASING = YES;
				CLANG_WARN_BOOL_CONVERSION = YES;
				CLANG_WARN_COMMA = YES;
				CLANG_WARN_CONSTANT_CONVERSION = YES;
				CLANG_WARN_DEPRECATED_OBJC_IMPLEMENTATIONS = YES;
				CLANG_WARN_DIRECT_OBJC_ISA_USAGE = YES_ERROR;
				CLANG_WARN_DOCUMENTATION_COMMENTS = YES;
				CLANG_WARN_EMPTY_BODY = YES;
				CLANG_WARN_ENUM_CONVERSION = YES;
				CLANG_WARN_INFINITE_RECURSION = YES;
				CLANG_WARN_INT_CONVERSION = YES;
				CLANG_WARN_NON_LITERAL_NULL_CONVERSION = YES;
				CLANG_WARN_OBJC_IMPLICIT_RETAIN_SELF = YES;
				CLANG_WARN_OBJC_LITERAL_CONVERSION = YES;
				CLANG_WARN_OBJC_ROOT_CLASS = YES_ERROR;
				CLANG_WARN_QUOTED_INCLUDE_IN_FRAMEWORK_HEADER = YES;
				CLANG_WARN_RANGE_LOOP_ANALYSIS = YES;
				CLANG_WARN_STRICT_PROTOTYPES = YES;
				CLANG_WARN_SUSPICIOUS_MOVE = YES;
				CLANG_WARN_UNGUARDED_AVAILABILITY = YES_AGGRESSIVE;
				CLANG_WARN_UNREACHABLE_CODE = YES;
				CLANG_WARN__DUPLICATE_METHOD_MATCH = YES;
				COPY_PHASE_STRIP = NO;
				DEBUG_INFORMATION_FORMAT = dwarf;
				ENABLE_STRICT_OBJC_MSGSEND = YES;
				ENABLE_TESTABILITY = YES;
				GCC_C_LANGUAGE_STANDARD = gnu11;
				GCC_DYNAMIC_NO_PIC = NO;
				GCC_NO_COMMON_BLOCKS = YES;
				GCC_OPTIMIZATION_LEVEL = 0;
				GCC_PREPROCESSOR_DEFINITIONS = (
					"DEBUG=1",
					"$(inherited)",
				);
				GCC_WARN_64_TO_32_BIT_CONVERSION = YES;
				GCC_WARN_ABOUT_RETURN_TYPE = YES_ERROR;
				GCC_WARN_UNDECLARED_SELECTOR = YES;
				GCC_WARN_UNINITIALIZED_AUTOS = YES_AGGRESSIVE;
				GCC_WARN_UNUSED_FUNCTION = YES;
				GCC_WARN_UNUSED_VARIABLE = YES;
				IPHONEOS_DEPLOYMENT_TARGET = 14.0;
				MTL_ENABLE_DEBUG_INFO = INCLUDE_SOURCE;
				MTL_FAST_MATH = YES;
				ONLY_ACTIVE_ARCH = YES;
				SDKROOT = iphoneos;
				SWIFT_ACTIVE_COMPILATION_CONDITIONS = DEBUG;
				SWIFT_OPTIMIZATION_LEVEL = "-Onone";
			};
			name = Debug;
		};
		7A6AB49125161E1D000C4EFA /* Release */ = {
			isa = XCBuildConfiguration;
			buildSettings = {
				ALWAYS_SEARCH_USER_PATHS = NO;
				CLANG_ANALYZER_NONNULL = YES;
				CLANG_ANALYZER_NUMBER_OBJECT_CONVERSION = YES_AGGRESSIVE;
				CLANG_CXX_LANGUAGE_STANDARD = "gnu++14";
				CLANG_CXX_LIBRARY = "libc++";
				CLANG_ENABLE_MODULES = YES;
				CLANG_ENABLE_OBJC_ARC = YES;
				CLANG_ENABLE_OBJC_WEAK = YES;
				CLANG_WARN_BLOCK_CAPTURE_AUTORELEASING = YES;
				CLANG_WARN_BOOL_CONVERSION = YES;
				CLANG_WARN_COMMA = YES;
				CLANG_WARN_CONSTANT_CONVERSION = YES;
				CLANG_WARN_DEPRECATED_OBJC_IMPLEMENTATIONS = YES;
				CLANG_WARN_DIRECT_OBJC_ISA_USAGE = YES_ERROR;
				CLANG_WARN_DOCUMENTATION_COMMENTS = YES;
				CLANG_WARN_EMPTY_BODY = YES;
				CLANG_WARN_ENUM_CONVERSION = YES;
				CLANG_WARN_INFINITE_RECURSION = YES;
				CLANG_WARN_INT_CONVERSION = YES;
				CLANG_WARN_NON_LITERAL_NULL_CONVERSION = YES;
				CLANG_WARN_OBJC_IMPLICIT_RETAIN_SELF = YES;
				CLANG_WARN_OBJC_LITERAL_CONVERSION = YES;
				CLANG_WARN_OBJC_ROOT_CLASS = YES_ERROR;
				CLANG_WARN_QUOTED_INCLUDE_IN_FRAMEWORK_HEADER = YES;
				CLANG_WARN_RANGE_LOOP_ANALYSIS = YES;
				CLANG_WARN_STRICT_PROTOTYPES = YES;
				CLANG_WARN_SUSPICIOUS_MOVE = YES;
				CLANG_WARN_UNGUARDED_AVAILABILITY = YES_AGGRESSIVE;
				CLANG_WARN_UNREACHABLE_CODE = YES;
				CLANG_WARN__DUPLICATE_METHOD_MATCH = YES;
				COPY_PHASE_STRIP = NO;
				DEBUG_INFORMATION_FORMAT = "dwarf-with-dsym";
				ENABLE_NS_ASSERTIONS = NO;
				ENABLE_STRICT_OBJC_MSGSEND = YES;
				GCC_C_LANGUAGE_STANDARD = gnu11;
				GCC_NO_COMMON_BLOCKS = YES;
				GCC_WARN_64_TO_32_BIT_CONVERSION = YES;
				GCC_WARN_ABOUT_RETURN_TYPE = YES_ERROR;
				GCC_WARN_UNDECLARED_SELECTOR = YES;
				GCC_WARN_UNINITIALIZED_AUTOS = YES_AGGRESSIVE;
				GCC_WARN_UNUSED_FUNCTION = YES;
				GCC_WARN_UNUSED_VARIABLE = YES;
				IPHONEOS_DEPLOYMENT_TARGET = 14.0;
				MTL_ENABLE_DEBUG_INFO = NO;
				MTL_FAST_MATH = YES;
				SDKROOT = iphoneos;
				SWIFT_COMPILATION_MODE = wholemodule;
				SWIFT_OPTIMIZATION_LEVEL = "-O";
				VALIDATE_PRODUCT = YES;
			};
			name = Release;
		};
		7A6AB49325161E1D000C4EFA /* Debug */ = {
			isa = XCBuildConfiguration;
			buildSettings = {
				ASSETCATALOG_COMPILER_APPICON_NAME = AppIcon;
				ASSETCATALOG_COMPILER_GLOBAL_ACCENT_COLOR_NAME = AccentColor;
				CODE_SIGN_STYLE = Automatic;
				DEVELOPMENT_TEAM = ZD9LN99SX6;
				INFOPLIST_FILE = Skatter/Info.plist;
				LD_RUNPATH_SEARCH_PATHS = (
					"$(inherited)",
					"@executable_path/Frameworks",
				);
				PRODUCT_BUNDLE_IDENTIFIER = com.nelsongonzalez.Skatter;
				PRODUCT_NAME = "$(TARGET_NAME)";
				SWIFT_VERSION = 5.0;
				TARGETED_DEVICE_FAMILY = 1;
			};
			name = Debug;
		};
		7A6AB49425161E1D000C4EFA /* Release */ = {
			isa = XCBuildConfiguration;
			buildSettings = {
				ASSETCATALOG_COMPILER_APPICON_NAME = AppIcon;
				ASSETCATALOG_COMPILER_GLOBAL_ACCENT_COLOR_NAME = AccentColor;
				CODE_SIGN_STYLE = Automatic;
				DEVELOPMENT_TEAM = ZD9LN99SX6;
				INFOPLIST_FILE = Skatter/Info.plist;
				LD_RUNPATH_SEARCH_PATHS = (
					"$(inherited)",
					"@executable_path/Frameworks",
				);
				PRODUCT_BUNDLE_IDENTIFIER = com.nelsongonzalez.Skatter;
				PRODUCT_NAME = "$(TARGET_NAME)";
				SWIFT_VERSION = 5.0;
				TARGETED_DEVICE_FAMILY = 1;
			};
			name = Release;
		};
/* End XCBuildConfiguration section */

/* Begin XCConfigurationList section */
		7A6AB47825161E18000C4EFA /* Build configuration list for PBXProject "Skatter" */ = {
			isa = XCConfigurationList;
			buildConfigurations = (
				7A6AB49025161E1D000C4EFA /* Debug */,
				7A6AB49125161E1D000C4EFA /* Release */,
			);
			defaultConfigurationIsVisible = 0;
			defaultConfigurationName = Release;
		};
		7A6AB49225161E1D000C4EFA /* Build configuration list for PBXNativeTarget "Skatter" */ = {
			isa = XCConfigurationList;
			buildConfigurations = (
				7A6AB49325161E1D000C4EFA /* Debug */,
				7A6AB49425161E1D000C4EFA /* Release */,
			);
			defaultConfigurationIsVisible = 0;
			defaultConfigurationName = Release;
		};
/* End XCConfigurationList section */
	};
	rootObject = 7A6AB47525161E18000C4EFA /* Project object */;
}
